
Microsoft Visual Studio Solution File, Format Version 12.00
# Visual Studio Version 17
VisualStudioVersion = 17.1.32407.343
MinimumVisualStudioVersion = 10.0.40219.1
Project("{FAE04EC0-301F-11D3-BF4B-00C04F79EFBC}") = "DemoCore", "DemoCore\DemoCore.csproj", "{B0FB8ABD-4AF8-4801-BADF-CD7C4CF47091}"
EndProject
Global
	GlobalSection(SolutionConfigurationPlatforms) = preSolution
		Debug|Any CPU = Debug|Any CPU
		Release|Any CPU = Release|Any CPU
	EndGlobalSection
	GlobalSection(ProjectConfigurationPlatforms) = postSolution
		{B0FB8ABD-4AF8-4801-BADF-CD7C4CF47091}.Debug|Any CPU.ActiveCfg = Debug|Any CPU
		{B0FB8ABD-4AF8-4801-BADF-CD7C4CF47091}.Debug|Any CPU.Build.0 = Debug|Any CPU
		{B0FB8ABD-4AF8-4801-BADF-CD7C4CF47091}.Release|Any CPU.ActiveCfg = Release|Any CPU
		{B0FB8ABD-4AF8-4801-BADF-CD7C4CF47091}.Release|Any CPU.Build.0 = Release|Any CPU
	EndGlobalSection
	GlobalSection(SolutionProperties) = preSolution
		HideSolutionNode = FALSE
	EndGlobalSection
	GlobalSection(ExtensibilityGlobals) = postSolution
		SolutionGuid = {9A671DE4-A580-42F2-AB39-CF806459E10F}
	EndGlobalSection
EndGlobal
