
Microsoft Visual Studio Solution File, Format Version 12.00
# Visual Studio Version 17
VisualStudioVersion = 17.1.32328.378
MinimumVisualStudioVersion = 10.0.40219.1
Project("{FAE04EC0-301F-11D3-BF4B-00C04F79EFBC}") = "Models", "Models\Models.csproj", "{D806E3F3-4EDB-4F6C-AD01-113026160068}"
EndProject
Global
	GlobalSection(SolutionConfigurationPlatforms) = preSolution
		Debug|Any CPU = Debug|Any CPU
		Release|Any CPU = Release|Any CPU
	EndGlobalSection
	GlobalSection(ProjectConfigurationPlatforms) = postSolution
		{D806E3F3-4EDB-4F6C-AD01-113026160068}.Debug|Any CPU.ActiveCfg = Debug|Any CPU
		{D806E3F3-4EDB-4F6C-AD01-113026160068}.Debug|Any CPU.Build.0 = Debug|Any CPU
		{D806E3F3-4EDB-4F6C-AD01-113026160068}.Release|Any CPU.ActiveCfg = Release|Any CPU
		{D806E3F3-4EDB-4F6C-AD01-113026160068}.Release|Any CPU.Build.0 = Release|Any CPU
	EndGlobalSection
	GlobalSection(SolutionProperties) = preSolution
		HideSolutionNode = FALSE
	EndGlobalSection
	GlobalSection(ExtensibilityGlobals) = postSolution
		SolutionGuid = {67AF5C07-33B8-43CD-ACAE-D80739E97A1C}
	EndGlobalSection
EndGlobal
